
Microsoft Visual Studio Solution File, Format Version 12.00
# Visual Studio Version 17
VisualStudioVersion = 17.1.32210.238
MinimumVisualStudioVersion = 10.0.40219.1
Project("{FAE04EC0-301F-11D3-BF4B-00C04F79EFBC}") = "Strapperservice", "Strapperservice.csproj", "{0B1AD70A-3C02-442F-942A-72F5DD0B1D20}"
EndProject
Global
	GlobalSection(SolutionConfigurationPlatforms) = preSolution
		Debug|Any CPU = Debug|Any CPU
		Release|Any CPU = Release|Any CPU
	EndGlobalSection
	GlobalSection(ProjectConfigurationPlatforms) = postSolution
		{0B1AD70A-3C02-442F-942A-72F5DD0B1D20}.Debug|Any CPU.ActiveCfg = Debug|Any CPU
		{0B1AD70A-3C02-442F-942A-72F5DD0B1D20}.Debug|Any CPU.Build.0 = Debug|Any CPU
		{0B1AD70A-3C02-442F-942A-72F5DD0B1D20}.Release|Any CPU.ActiveCfg = Release|Any CPU
		{0B1AD70A-3C02-442F-942A-72F5DD0B1D20}.Release|Any CPU.Build.0 = Release|Any CPU
	EndGlobalSection
	GlobalSection(SolutionProperties) = preSolution
		HideSolutionNode = FALSE
	EndGlobalSection
	GlobalSection(ExtensibilityGlobals) = postSolution
		SolutionGuid = {00A75EAD-E92F-4A16-9D73-FA46671D0773}
	EndGlobalSection
EndGlobal
